# This file is autogenerated, do not edit; changes may be undone by the next 'dep ensure'.


[[projects]]
  name = "git.apache.org/thrift.git"
  packages = ["lib/go/thrift"]
  revision = "0dd823580c78a79ae9696eb9b3650e400fff140f"

[[projects]]
  name = "github.com/Microsoft/go-winio"
  packages = ["."]
  revision = "7da180ee92d8bd8bb8c37fc560e673e6557c392f"
  version = "v0.4.7"

[[projects]]
  branch = "master"
  name = "github.com/gen2brain/beeep"
  packages = ["."]
  revision = "982e34175ed3b8dc0d100fb0f0b06d8e2639ec4e"

[[projects]]
  branch = "master"
  name = "github.com/gen2brain/dlgs"
  packages = ["."]
  revision = "b5c413914de2b49de3b2a3e7f532d4cc76a6f687"

[[projects]]
  name = "github.com/godbus/dbus"
  packages = ["."]
  revision = "a389bdde4dd695d414e47b755e95e72b7826432c"
  version = "v4.1.0"

[[projects]]
  branch = "master"
  name = "github.com/gopherjs/gopherjs"
  packages = ["js"]
  revision = "df18d38287ab2ed3138d564e7c8cbe4d5a249d87"

[[projects]]
  branch = "master"
  name = "github.com/kolide/osquery-go"
  packages = [".","gen/osquery","plugin/logger","transport"]
  revision = "834175eae0d8cf864bba0b82ab4e9694cf5cfd1b"

[[projects]]
  branch = "master"
  name = "github.com/nu7hatch/gouuid"
  packages = ["."]
  revision = "179d4d0c4d8d407a32af483c2354df1d2c91e6c3"

[[projects]]
  name = "github.com/pkg/errors"
  packages = ["."]
  revision = "645ef00459ed84a119197bfb8d8205042c6df63d"
  version = "v0.8.0"

[[projects]]
  name = "github.com/tidwall/gjson"
  packages = ["."]
  revision = "01f00f129617a6fe98941fb920d6c760241b54d2"
  version = "v1.1.0"

[[projects]]
  branch = "master"
  name = "github.com/tidwall/match"
  packages = ["."]
  revision = "1731857f09b1f38450e2c12409748407822dc6be"

[[projects]]
  branch = "master"
  name = "golang.org/x/sys"
  packages = ["windows","windows/registry"]
  revision = "dd2ff4accc098aceecb86b36eaa7829b2a17b1c9"

[[projects]]
  branch = "v1"
  name = "gopkg.in/toast.v1"
  packages = ["."]
  revision = "b700e246b8b6d3e13554091e540e1019e26389f1"

[solve-meta]
  analyzer-name = "dep"
  analyzer-version = 1
  inputs-digest = "8af5f6248f23096b8219e3ecdb245472b3f39c28f6bda46b87d4ee4fd3f0645a"
  solver-name = "gps-cdcl"
  solver-version = 1
